
Microsoft Visual Studio Solution File, Format Version 12.00
# Visual Studio Version 16
VisualStudioVersion = 16.0.29411.138
MinimumVisualStudioVersion = 10.0.40219.1
Project("{FAE04EC0-301F-11D3-BF4B-00C04F79EFBC}") = "PC_Monitor_V3", "PC_Monitor_V3\PC_Monitor_V3.csproj", "{BEC1585E-6E7B-47D2-96D0-05C647FCC638}"
EndProject
Global
	GlobalSection(SolutionConfigurationPlatforms) = preSolution
		Debug|Any CPU = Debug|Any CPU
		Release|Any CPU = Release|Any CPU
	EndGlobalSection
	GlobalSection(ProjectConfigurationPlatforms) = postSolution
		{BEC1585E-6E7B-47D2-96D0-05C647FCC638}.Debug|Any CPU.ActiveCfg = Debug|Any CPU
		{BEC1585E-6E7B-47D2-96D0-05C647FCC638}.Debug|Any CPU.Build.0 = Debug|Any CPU
		{BEC1585E-6E7B-47D2-96D0-05C647FCC638}.Release|Any CPU.ActiveCfg = Release|Any CPU
		{BEC1585E-6E7B-47D2-96D0-05C647FCC638}.Release|Any CPU.Build.0 = Release|Any CPU
	EndGlobalSection
	GlobalSection(SolutionProperties) = preSolution
		HideSolutionNode = FALSE
	EndGlobalSection
	GlobalSection(ExtensibilityGlobals) = postSolution
		SolutionGuid = {5FD20F13-A66D-41C0-B7E5-901FD9EBFEEE}
	EndGlobalSection
EndGlobal
